NeoBundleLock jedi-vim 5ea9ee7a63edb06e7472f6b48b001083efa9750b
NeoBundleLock neobundle.vim 30c40ccbfc6371fb922eece6e0657eb5da9e479b
NeoBundleLock neocomplete.vim 38f6f183edc665b8c9f52dd1546dae2c4cc7e29c
NeoBundleLock neosnippet bd22f4ed56b8a8a1643a8fa1a70882a4eb4d43cf
NeoBundleLock neosnippet-snippets 34dec3c984bcae52a871d6d0954030cb23802305
NeoBundleLock unite.vim c96306ddb4df6f6a438de75a5bcf770633ed1990
NeoBundleLock vim-quickrun 5149ecd1502b7fc2583cb8799ac1a0c72c41f828
NeoBundleLock vimfiler 58e9a6780e7437cec3c2c6ab4e29aecd518c18f7
