NeoBundleLock jedi-vim 5ea9ee7a63edb06e7472f6b48b001083efa9750b
NeoBundleLock neocomplete.vim 8d2a574c1708080ef1fac3336c99d2d9e1898fce
NeoBundleLock neosnippet 9492fbb7e9016243af3c1987b91f0bffcf4cc8e7
NeoBundleLock neosnippet-snippets 4d25b4352738ecf34e56701d0172d80daa3bd287
NeoBundleLock unite.vim 331f424089fa23ddb245fec71189503d9efbcf9f
NeoBundleLock vim-quickrun 5149ecd1502b7fc2583cb8799ac1a0c72c41f828
NeoBundleLock vimfiler 58e9a6780e7437cec3c2c6ab4e29aecd518c18f7
